
Microsoft Visual Studio Solution File, Format Version 12.00
# Visual Studio Version 16
VisualStudioVersion = 16.0.31410.357
MinimumVisualStudioVersion = 10.0.40219.1
Project("{FAE04EC0-301F-11D3-BF4B-00C04F79EFBC}") = "MovieAPI", "MovieAPI.csproj", "{693DB17D-007F-4127-A3DE-5EA5F537E62E}"
EndProject
Project("{FAE04EC0-301F-11D3-BF4B-00C04F79EFBC}") = "MovieTest", "..\MovieTest\MovieTest.csproj", "{2AEC193A-A551-4732-A898-7A9C9A5247E0}"
EndProject
Project("{FAE04EC0-301F-11D3-BF4B-00C04F79EFBC}") = "ServiceLayer", "..\ServiceLayer\ServiceLayer.csproj", "{224F2EDE-3ACD-4808-BB74-12B7638000A3}"
EndProject
Project("{FAE04EC0-301F-11D3-BF4B-00C04F79EFBC}") = "Movies.Contract", "..\Movies.Contract\Movies.Contract.csproj", "{1A37C39C-ECD4-4796-9183-155CBA4BFD84}"
EndProject
Project("{FAE04EC0-301F-11D3-BF4B-00C04F79EFBC}") = "Movies.Models", "..\Movies.Models\Movies.Models.csproj", "{6A3E2410-8802-4004-B27D-F4A8620DFC62}"
EndProject
Global
	GlobalSection(SolutionConfigurationPlatforms) = preSolution
		Debug|Any CPU = Debug|Any CPU
		Release|Any CPU = Release|Any CPU
	EndGlobalSection
	GlobalSection(ProjectConfigurationPlatforms) = postSolution
		{693DB17D-007F-4127-A3DE-5EA5F537E62E}.Debug|Any CPU.ActiveCfg = Debug|Any CPU
		{693DB17D-007F-4127-A3DE-5EA5F537E62E}.Debug|Any CPU.Build.0 = Debug|Any CPU
		{693DB17D-007F-4127-A3DE-5EA5F537E62E}.Release|Any CPU.ActiveCfg = Release|Any CPU
		{693DB17D-007F-4127-A3DE-5EA5F537E62E}.Release|Any CPU.Build.0 = Release|Any CPU
		{2AEC193A-A551-4732-A898-7A9C9A5247E0}.Debug|Any CPU.ActiveCfg = Debug|Any CPU
		{2AEC193A-A551-4732-A898-7A9C9A5247E0}.Debug|Any CPU.Build.0 = Debug|Any CPU
		{2AEC193A-A551-4732-A898-7A9C9A5247E0}.Release|Any CPU.ActiveCfg = Release|Any CPU
		{2AEC193A-A551-4732-A898-7A9C9A5247E0}.Release|Any CPU.Build.0 = Release|Any CPU
		{224F2EDE-3ACD-4808-BB74-12B7638000A3}.Debug|Any CPU.ActiveCfg = Debug|Any CPU
		{224F2EDE-3ACD-4808-BB74-12B7638000A3}.Debug|Any CPU.Build.0 = Debug|Any CPU
		{224F2EDE-3ACD-4808-BB74-12B7638000A3}.Release|Any CPU.ActiveCfg = Release|Any CPU
		{224F2EDE-3ACD-4808-BB74-12B7638000A3}.Release|Any CPU.Build.0 = Release|Any CPU
		{1A37C39C-ECD4-4796-9183-155CBA4BFD84}.Debug|Any CPU.ActiveCfg = Debug|Any CPU
		{1A37C39C-ECD4-4796-9183-155CBA4BFD84}.Debug|Any CPU.Build.0 = Debug|Any CPU
		{1A37C39C-ECD4-4796-9183-155CBA4BFD84}.Release|Any CPU.ActiveCfg = Release|Any CPU
		{1A37C39C-ECD4-4796-9183-155CBA4BFD84}.Release|Any CPU.Build.0 = Release|Any CPU
		{6A3E2410-8802-4004-B27D-F4A8620DFC62}.Debug|Any CPU.ActiveCfg = Debug|Any CPU
		{6A3E2410-8802-4004-B27D-F4A8620DFC62}.Debug|Any CPU.Build.0 = Debug|Any CPU
		{6A3E2410-8802-4004-B27D-F4A8620DFC62}.Release|Any CPU.ActiveCfg = Release|Any CPU
		{6A3E2410-8802-4004-B27D-F4A8620DFC62}.Release|Any CPU.Build.0 = Release|Any CPU
	EndGlobalSection
	GlobalSection(SolutionProperties) = preSolution
		HideSolutionNode = FALSE
	EndGlobalSection
	GlobalSection(ExtensibilityGlobals) = postSolution
		SolutionGuid = {B173B1DA-3CE8-4110-9C34-F45EFCA6293A}
	EndGlobalSection
EndGlobal
